
Microsoft Visual Studio Solution File, Format Version 12.00
# Visual Studio Version 16
VisualStudioVersion = 16.0.32413.511
MinimumVisualStudioVersion = 10.0.40219.1
Project("{FAE04EC0-301F-11D3-BF4B-00C04F79EFBC}") = "UIAutomationTests", "UIAutomationTests\UIAutomationTests.csproj", "{29DDF4B8-776A-4457-82F6-38CFD1654B96}"
EndProject
Global
	GlobalSection(SolutionConfigurationPlatforms) = preSolution
		Debug|Any CPU = Debug|Any CPU
		Release|Any CPU = Release|Any CPU
	EndGlobalSection
	GlobalSection(ProjectConfigurationPlatforms) = postSolution
		{29DDF4B8-776A-4457-82F6-38CFD1654B96}.Debug|Any CPU.ActiveCfg = Debug|Any CPU
		{29DDF4B8-776A-4457-82F6-38CFD1654B96}.Debug|Any CPU.Build.0 = Debug|Any CPU
		{29DDF4B8-776A-4457-82F6-38CFD1654B96}.Release|Any CPU.ActiveCfg = Release|Any CPU
		{29DDF4B8-776A-4457-82F6-38CFD1654B96}.Release|Any CPU.Build.0 = Release|Any CPU
	EndGlobalSection
	GlobalSection(SolutionProperties) = preSolution
		HideSolutionNode = FALSE
	EndGlobalSection
	GlobalSection(ExtensibilityGlobals) = postSolution
		SolutionGuid = {C6853659-1FA1-4686-B0B5-4F658E70D57B}
	EndGlobalSection
EndGlobal
